
Microsoft Visual Studio Solution File, Format Version 12.00
# Visual Studio Version 16
VisualStudioVersion = 16.0.29306.81
MinimumVisualStudioVersion = 10.0.40219.1
Project("{FAE04EC0-301F-11D3-BF4B-00C04F79EFBC}") = "test", "test\test.csproj", "{9CD8B578-DE75-42E6-8269-4779DEF25EC0}"
EndProject
Global
	GlobalSection(SolutionConfigurationPlatforms) = preSolution
		Debug|Any CPU = Debug|Any CPU
		Release|Any CPU = Release|Any CPU
	EndGlobalSection
	GlobalSection(ProjectConfigurationPlatforms) = postSolution
		{9CD8B578-DE75-42E6-8269-4779DEF25EC0}.Debug|Any CPU.ActiveCfg = Debug|Any CPU
		{9CD8B578-DE75-42E6-8269-4779DEF25EC0}.Debug|Any CPU.Build.0 = Debug|Any CPU
		{9CD8B578-DE75-42E6-8269-4779DEF25EC0}.Release|Any CPU.ActiveCfg = Release|Any CPU
		{9CD8B578-DE75-42E6-8269-4779DEF25EC0}.Release|Any CPU.Build.0 = Release|Any CPU
	EndGlobalSection
	GlobalSection(SolutionProperties) = preSolution
		HideSolutionNode = FALSE
	EndGlobalSection
	GlobalSection(ExtensibilityGlobals) = postSolution
		SolutionGuid = {C50B5FD2-ADD2-4041-AD2A-0B3134D19D49}
	EndGlobalSection
EndGlobal
